// !$*UTF8*$!
{
	archiveVersion = 1;
	classes = {
	};
	objectVersion = 55;
	objects = {

/* Begin PBXBuildFile section */
		4CCC84412868CFBA00B474F7 /* Common.framework in Frameworks */ = {isa = PBXBuildFile; fileRef = 4CCC84132868CF5C00B474F7 /* Common.framework */; };
		4CCC84422868CFBA00B474F7 /* Common.framework in Embed Frameworks */ = {isa = PBXBuildFile; fileRef = 4CCC84132868CF5C00B474F7 /* Common.framework */; settings = {ATTRIBUTES = (CodeSignOnCopy, RemoveHeadersOnCopy, ); }; };
		4CCC84442868CFBF00B474F7 /* Networking.framework in Frameworks */ = {isa = PBXBuildFile; fileRef = 4CCC843E2868CF8900B474F7 /* Networking.framework */; };
		4CCC84452868CFBF00B474F7 /* Networking.framework in Embed Frameworks */ = {isa = PBXBuildFile; fileRef = 4CCC843E2868CF8900B474F7 /* Networking.framework */; settings = {ATTRIBUTES = (CodeSignOnCopy, RemoveHeadersOnCopy, ); }; };
		4CEEC349284927EE00C979B3 /* FactoryDemoApp.swift in Sources */ = {isa = PBXBuildFile; fileRef = 4CEEC348284927EE00C979B3 /* FactoryDemoApp.swift */; };
		4CEEC34B284927EE00C979B3 /* ContentView.swift in Sources */ = {isa = PBXBuildFile; fileRef = 4CEEC34A284927EE00C979B3 /* ContentView.swift */; };
		4CEEC34D284927EF00C979B3 /* Assets.xcassets in Resources */ = {isa = PBXBuildFile; fileRef = 4CEEC34C284927EF00C979B3 /* Assets.xcassets */; };
		4CEEC350284927EF00C979B3 /* Preview Assets.xcassets in Resources */ = {isa = PBXBuildFile; fileRef = 4CEEC34F284927EF00C979B3 /* Preview Assets.xcassets */; };
		4CEEC35A28492BD200C979B3 /* Factory in Frameworks */ = {isa = PBXBuildFile; productRef = 4CEEC35928492BD200C979B3 /* Factory */; };
		4CEEC35C2849309C00C979B3 /* FactoryDemoApp+Injection.swift in Sources */ = {isa = PBXBuildFile; fileRef = 4CEEC35B2849309C00C979B3 /* FactoryDemoApp+Injection.swift */; };
		4CEEC35E284930DB00C979B3 /* Services.swift in Sources */ = {isa = PBXBuildFile; fileRef = 4CEEC35D284930DB00C979B3 /* Services.swift */; };
		4CEEC3602849311000C979B3 /* ContentViewModel.swift in Sources */ = {isa = PBXBuildFile; fileRef = 4CEEC35F2849311000C979B3 /* ContentViewModel.swift */; };
/* End PBXBuildFile section */

/* Begin PBXContainerItemProxy section */
		4CCC84122868CF5C00B474F7 /* PBXContainerItemProxy */ = {
			isa = PBXContainerItemProxy;
			containerPortal = 4CCC840D2868CF5B00B474F7 /* Common.xcodeproj */;
			proxyType = 2;
			remoteGlobalIDString = 4CCC83F52868CF5B00B474F7;
			remoteInfo = Common;
		};
		4CCC84142868CF5C00B474F7 /* PBXContainerItemProxy */ = {
			isa = PBXContainerItemProxy;
			containerPortal = 4CCC840D2868CF5B00B474F7 /* Common.xcodeproj */;
			proxyType = 2;
			remoteGlobalIDString = 4CCC83FD2868CF5B00B474F7;
			remoteInfo = CommonTests;
		};
		4CCC843D2868CF8900B474F7 /* PBXContainerItemProxy */ = {
			isa = PBXContainerItemProxy;
			containerPortal = 4CCC84382868CF8900B474F7 /* Networking.xcodeproj */;
			proxyType = 2;
			remoteGlobalIDString = 4CCC84202868CF8800B474F7;
			remoteInfo = Networking;
		};
		4CCC843F2868CF8900B474F7 /* PBXContainerItemProxy */ = {
			isa = PBXContainerItemProxy;
			containerPortal = 4CCC84382868CF8900B474F7 /* Networking.xcodeproj */;
			proxyType = 2;
			remoteGlobalIDString = 4CCC84282868CF8900B474F7;
			remoteInfo = NetworkingTests;
		};
/* End PBXContainerItemProxy section */

/* Begin PBXCopyFilesBuildPhase section */
		4CCC84432868CFBA00B474F7 /* Embed Frameworks */ = {
			isa = PBXCopyFilesBuildPhase;
			buildActionMask = 2147483647;
			dstPath = "";
			dstSubfolderSpec = 10;
			files = (
				4CCC84452868CFBF00B474F7 /* Networking.framework in Embed Frameworks */,
				4CCC84422868CFBA00B474F7 /* Common.framework in Embed Frameworks */,
			);
			name = "Embed Frameworks";
			runOnlyForDeploymentPostprocessing = 0;
		};
/* End PBXCopyFilesBuildPhase section */

/* Begin PBXFileReference section */
		4C09C37F288622820091F7B9 /* CODE_OF_CONDUCT.md */ = {isa = PBXFileReference; lastKnownFileType = net.daringfireball.markdown; name = CODE_OF_CONDUCT.md; path = ../../CODE_OF_CONDUCT.md; sourceTree = "<group>"; };
		4C09C380288622820091F7B9 /* Factory.podspec */ = {isa = PBXFileReference; lastKnownFileType = text; name = Factory.podspec; path = ../../Factory.podspec; sourceTree = "<group>"; };
		4C09C381288622820091F7B9 /* README.md */ = {isa = PBXFileReference; lastKnownFileType = net.daringfireball.markdown; name = README.md; path = ../../README.md; sourceTree = "<group>"; };
		4C09C382288622820091F7B9 /* CHANGELOG */ = {isa = PBXFileReference; lastKnownFileType = text; name = CHANGELOG; path = ../../CHANGELOG; sourceTree = "<group>"; };
		4CCC840D2868CF5B00B474F7 /* Common.xcodeproj */ = {isa = PBXFileReference; lastKnownFileType = "wrapper.pb-project"; name = Common.xcodeproj; path = Common/Common.xcodeproj; sourceTree = "<group>"; };
		4CCC84382868CF8900B474F7 /* Networking.xcodeproj */ = {isa = PBXFileReference; lastKnownFileType = "wrapper.pb-project"; name = Networking.xcodeproj; path = Networking/Networking.xcodeproj; sourceTree = "<group>"; };
		4CEEC345284927EE00C979B3 /* FactoryDemo.app */ = {isa = PBXFileReference; explicitFileType = wrapper.application; includeInIndex = 0; path = FactoryDemo.app; sourceTree = BUILT_PRODUCTS_DIR; };
		4CEEC348284927EE00C979B3 /* FactoryDemoApp.swift */ = {isa = PBXFileReference; lastKnownFileType = sourcecode.swift; path = FactoryDemoApp.swift; sourceTree = "<group>"; };
		4CEEC34A284927EE00C979B3 /* ContentView.swift */ = {isa = PBXFileReference; lastKnownFileType = sourcecode.swift; path = ContentView.swift; sourceTree = "<group>"; };
		4CEEC34C284927EF00C979B3 /* Assets.xcassets */ = {isa = PBXFileReference; lastKnownFileType = folder.assetcatalog; path = Assets.xcassets; sourceTree = "<group>"; };
		4CEEC34F284927EF00C979B3 /* Preview Assets.xcassets */ = {isa = PBXFileReference; lastKnownFileType = folder.assetcatalog; path = "Preview Assets.xcassets"; sourceTree = "<group>"; };
		4CEEC35728492B8A00C979B3 /* Factory */ = {isa = PBXFileReference; lastKnownFileType = wrapper; name = Factory; path = ..; sourceTree = "<group>"; };
		4CEEC35B2849309C00C979B3 /* FactoryDemoApp+Injection.swift */ = {isa = PBXFileReference; lastKnownFileType = sourcecode.swift; path = "FactoryDemoApp+Injection.swift"; sourceTree = "<group>"; };
		4CEEC35D284930DB00C979B3 /* Services.swift */ = {isa = PBXFileReference; fileEncoding = 4; lastKnownFileType = sourcecode.swift; path = Services.swift; sourceTree = "<group>"; };
		4CEEC35F2849311000C979B3 /* ContentViewModel.swift */ = {isa = PBXFileReference; lastKnownFileType = sourcecode.swift; path = ContentViewModel.swift; sourceTree = "<group>"; };
/* End PBXFileReference section */

/* Begin PBXFrameworksBuildPhase section */
		4CEEC342284927EE00C979B3 /* Frameworks */ = {
			isa = PBXFrameworksBuildPhase;
			buildActionMask = 2147483647;
			files = (
				4CEEC35A28492BD200C979B3 /* Factory in Frameworks */,
				4CCC84412868CFBA00B474F7 /* Common.framework in Frameworks */,
				4CCC84442868CFBF00B474F7 /* Networking.framework in Frameworks */,
			);
			runOnlyForDeploymentPostprocessing = 0;
		};
/* End PBXFrameworksBuildPhase section */

/* Begin PBXGroup section */
		4C09C37A288622460091F7B9 /* Files */ = {
			isa = PBXGroup;
			children = (
				4C09C382288622820091F7B9 /* CHANGELOG */,
				4C09C37F288622820091F7B9 /* CODE_OF_CONDUCT.md */,
				4C09C380288622820091F7B9 /* Factory.podspec */,
				4C09C381288622820091F7B9 /* README.md */,
			);
			path = Files;
			sourceTree = "<group>";
		};
		4CCC83EA2868CF2100B474F7 /* Modules */ = {
			isa = PBXGroup;
			children = (
				4CCC840D2868CF5B00B474F7 /* Common.xcodeproj */,
				4CCC84382868CF8900B474F7 /* Networking.xcodeproj */,
			);
			path = Modules;
			sourceTree = "<group>";
		};
		4CCC840E2868CF5B00B474F7 /* Products */ = {
			isa = PBXGroup;
			children = (
				4CCC84132868CF5C00B474F7 /* Common.framework */,
				4CCC84152868CF5C00B474F7 /* CommonTests.xctest */,
			);
			name = Products;
			sourceTree = "<group>";
		};
		4CCC84392868CF8900B474F7 /* Products */ = {
			isa = PBXGroup;
			children = (
				4CCC843E2868CF8900B474F7 /* Networking.framework */,
				4CCC84402868CF8900B474F7 /* NetworkingTests.xctest */,
			);
			name = Products;
			sourceTree = "<group>";
		};
		4CEEC33C284927EE00C979B3 = {
			isa = PBXGroup;
			children = (
				4C09C37A288622460091F7B9 /* Files */,
				4CEEC35628492B8A00C979B3 /* Packages */,
				4CEEC347284927EE00C979B3 /* FactoryDemo */,
				4CEEC346284927EE00C979B3 /* Products */,
				4CEEC35828492BD200C979B3 /* Frameworks */,
			);
			sourceTree = "<group>";
		};
		4CEEC346284927EE00C979B3 /* Products */ = {
			isa = PBXGroup;
			children = (
				4CEEC345284927EE00C979B3 /* FactoryDemo.app */,
			);
			name = Products;
			sourceTree = "<group>";
		};
		4CEEC347284927EE00C979B3 /* FactoryDemo */ = {
			isa = PBXGroup;
			children = (
				4CEEC348284927EE00C979B3 /* FactoryDemoApp.swift */,
				4CEEC35B2849309C00C979B3 /* FactoryDemoApp+Injection.swift */,
				4CEEC34A284927EE00C979B3 /* ContentView.swift */,
				4CEEC35F2849311000C979B3 /* ContentViewModel.swift */,
				4CEEC35D284930DB00C979B3 /* Services.swift */,
				4CEEC34C284927EF00C979B3 /* Assets.xcassets */,
				4CCC83EA2868CF2100B474F7 /* Modules */,
				4CEEC34E284927EF00C979B3 /* Preview Content */,
			);
			path = FactoryDemo;
			sourceTree = "<group>";
		};
		4CEEC34E284927EF00C979B3 /* Preview Content */ = {
			isa = PBXGroup;
			children = (
				4CEEC34F284927EF00C979B3 /* Preview Assets.xcassets */,
			);
			path = "Preview Content";
			sourceTree = "<group>";
		};
		4CEEC35628492B8A00C979B3 /* Packages */ = {
			isa = PBXGroup;
			children = (
				4CEEC35728492B8A00C979B3 /* Factory */,
			);
			name = Packages;
			sourceTree = "<group>";
		};
		4CEEC35828492BD200C979B3 /* Frameworks */ = {
			isa = PBXGroup;
			children = (
			);
			name = Frameworks;
			sourceTree = "<group>";
		};
/* End PBXGroup section */

/* Begin PBXNativeTarget section */
		4CEEC344284927EE00C979B3 /* FactoryDemo */ = {
			isa = PBXNativeTarget;
			buildConfigurationList = 4CEEC353284927EF00C979B3 /* Build configuration list for PBXNativeTarget "FactoryDemo" */;
			buildPhases = (
				4CEEC341284927EE00C979B3 /* Sources */,
				4CEEC342284927EE00C979B3 /* Frameworks */,
				4CEEC343284927EE00C979B3 /* Resources */,
				4CCC84432868CFBA00B474F7 /* Embed Frameworks */,
			);
			buildRules = (
			);
			dependencies = (
			);
			name = FactoryDemo;
			packageProductDependencies = (
				4CEEC35928492BD200C979B3 /* Factory */,
			);
			productName = FactoryDemo;
			productReference = 4CEEC345284927EE00C979B3 /* FactoryDemo.app */;
			productType = "com.apple.product-type.application";
		};
/* End PBXNativeTarget section */

/* Begin PBXProject section */
		4CEEC33D284927EE00C979B3 /* Project object */ = {
			isa = PBXProject;
			attributes = {
				BuildIndependentTargetsInParallel = 1;
				LastSwiftUpdateCheck = 1340;
				LastUpgradeCheck = 1340;
				TargetAttributes = {
					4CEEC344284927EE00C979B3 = {
						CreatedOnToolsVersion = 13.4;
					};
				};
			};
			buildConfigurationList = 4CEEC340284927EE00C979B3 /* Build configuration list for PBXProject "FactoryDemo" */;
			compatibilityVersion = "Xcode 13.0";
			developmentRegion = en;
			hasScannedForEncodings = 0;
			knownRegions = (
				en,
				Base,
			);
			mainGroup = 4CEEC33C284927EE00C979B3;
			productRefGroup = 4CEEC346284927EE00C979B3 /* Products */;
			projectDirPath = "";
			projectReferences = (
				{
					ProductGroup = 4CCC840E2868CF5B00B474F7 /* Products */;
					ProjectRef = 4CCC840D2868CF5B00B474F7 /* Common.xcodeproj */;
				},
				{
					ProductGroup = 4CCC84392868CF8900B474F7 /* Products */;
					ProjectRef = 4CCC84382868CF8900B474F7 /* Networking.xcodeproj */;
				},
			);
			projectRoot = "";
			targets = (
				4CEEC344284927EE00C979B3 /* FactoryDemo */,
			);
		};
/* End PBXProject section */

/* Begin PBXReferenceProxy section */
		4CCC84132868CF5C00B474F7 /* Common.framework */ = {
			isa = PBXReferenceProxy;
			fileType = wrapper.framework;
			path = Common.framework;
			remoteRef = 4CCC84122868CF5C00B474F7 /* PBXContainerItemProxy */;
			sourceTree = BUILT_PRODUCTS_DIR;
		};
		4CCC84152868CF5C00B474F7 /* CommonTests.xctest */ = {
			isa = PBXReferenceProxy;
			fileType = wrapper.cfbundle;
			path = CommonTests.xctest;
			remoteRef = 4CCC84142868CF5C00B474F7 /* PBXContainerItemProxy */;
			sourceTree = BUILT_PRODUCTS_DIR;
		};
		4CCC843E2868CF8900B474F7 /* Networking.framework */ = {
			isa = PBXReferenceProxy;
			fileType = wrapper.framework;
			path = Networking.framework;
			remoteRef = 4CCC843D2868CF8900B474F7 /* PBXContainerItemProxy */;
			sourceTree = BUILT_PRODUCTS_DIR;
		};
		4CCC84402868CF8900B474F7 /* NetworkingTests.xctest */ = {
			isa = PBXReferenceProxy;
			fileType = wrapper.cfbundle;
			path = NetworkingTests.xctest;
			remoteRef = 4CCC843F2868CF8900B474F7 /* PBXContainerItemProxy */;
			sourceTree = BUILT_PRODUCTS_DIR;
		};
/* End PBXReferenceProxy section */

/* Begin PBXResourcesBuildPhase section */
		4CEEC343284927EE00C979B3 /* Resources */ = {
			isa = PBXResourcesBuildPhase;
			buildActionMask = 2147483647;
			files = (
				4CEEC350284927EF00C979B3 /* Preview Assets.xcassets in Resources */,
				4CEEC34D284927EF00C979B3 /* Assets.xcassets in Resources */,
			);
			runOnlyForDeploymentPostprocessing = 0;
		};
/* End PBXResourcesBuildPhase section */

/* Begin PBXSourcesBuildPhase section */
		4CEEC341284927EE00C979B3 /* Sources */ = {
			isa = PBXSourcesBuildPhase;
			buildActionMask = 2147483647;
			files = (
				4CEEC34B284927EE00C979B3 /* ContentView.swift in Sources */,
				4CEEC35E284930DB00C979B3 /* Services.swift in Sources */,
				4CEEC349284927EE00C979B3 /* FactoryDemoApp.swift in Sources */,
				4CEEC35C2849309C00C979B3 /* FactoryDemoApp+Injection.swift in Sources */,
				4CEEC3602849311000C979B3 /* ContentViewModel.swift in Sources */,
			);
			runOnlyForDeploymentPostprocessing = 0;
		};
/* End PBXSourcesBuildPhase section */

/* Begin XCBuildConfiguration section */
		4CEEC351284927EF00C979B3 /* Debug */ = {
			isa = XCBuildConfiguration;
			buildSettings = {
				ALWAYS_SEARCH_USER_PATHS = NO;
				CLANG_ANALYZER_NONNULL = YES;
				CLANG_ANALYZER_NUMBER_OBJECT_CONVERSION = YES_AGGRESSIVE;
				CLANG_CXX_LANGUAGE_STANDARD = "gnu++17";
				CLANG_ENABLE_MODULES = YES;
				CLANG_ENABLE_OBJC_ARC = YES;
				CLANG_ENABLE_OBJC_WEAK = YES;
				CLANG_WARN_BLOCK_CAPTURE_AUTORELEASING = YES;
				CLANG_WARN_BOOL_CONVERSION = YES;
				CLANG_WARN_COMMA = YES;
				CLANG_WARN_CONSTANT_CONVERSION = YES;
				CLANG_WARN_DEPRECATED_OBJC_IMPLEMENTATIONS = YES;
				CLANG_WARN_DIRECT_OBJC_ISA_USAGE = YES_ERROR;
				CLANG_WARN_DOCUMENTATION_COMMENTS = YES;
				CLANG_WARN_EMPTY_BODY = YES;
				CLANG_WARN_ENUM_CONVERSION = YES;
				CLANG_WARN_INFINITE_RECURSION = YES;
				CLANG_WARN_INT_CONVERSION = YES;
				CLANG_WARN_NON_LITERAL_NULL_CONVERSION = YES;
				CLANG_WARN_OBJC_IMPLICIT_RETAIN_SELF = YES;
				CLANG_WARN_OBJC_LITERAL_CONVERSION = YES;
				CLANG_WARN_OBJC_ROOT_CLASS = YES_ERROR;
				CLANG_WARN_QUOTED_INCLUDE_IN_FRAMEWORK_HEADER = YES;
				CLANG_WARN_RANGE_LOOP_ANALYSIS = YES;
				CLANG_WARN_STRICT_PROTOTYPES = YES;
				CLANG_WARN_SUSPICIOUS_MOVE = YES;
				CLANG_WARN_UNGUARDED_AVAILABILITY = YES_AGGRESSIVE;
				CLANG_WARN_UNREACHABLE_CODE = YES;
				CLANG_WARN__DUPLICATE_METHOD_MATCH = YES;
				COPY_PHASE_STRIP = NO;
				DEBUG_INFORMATION_FORMAT = dwarf;
				ENABLE_STRICT_OBJC_MSGSEND = YES;
				ENABLE_TESTABILITY = YES;
				GCC_C_LANGUAGE_STANDARD = gnu11;
				GCC_DYNAMIC_NO_PIC = NO;
				GCC_NO_COMMON_BLOCKS = YES;
				GCC_OPTIMIZATION_LEVEL = 0;
				GCC_PREPROCESSOR_DEFINITIONS = (
					"DEBUG=1",
					"$(inherited)",
				);
				GCC_WARN_64_TO_32_BIT_CONVERSION = YES;
				GCC_WARN_ABOUT_RETURN_TYPE = YES_ERROR;
				GCC_WARN_UNDECLARED_SELECTOR = YES;
				GCC_WARN_UNINITIALIZED_AUTOS = YES_AGGRESSIVE;
				GCC_WARN_UNUSED_FUNCTION = YES;
				GCC_WARN_UNUSED_VARIABLE = YES;
				IPHONEOS_DEPLOYMENT_TARGET = 15.5;
				MTL_ENABLE_DEBUG_INFO = INCLUDE_SOURCE;
				MTL_FAST_MATH = YES;
				ONLY_ACTIVE_ARCH = YES;
				SDKROOT = iphoneos;
				SWIFT_ACTIVE_COMPILATION_CONDITIONS = DEBUG;
				SWIFT_OPTIMIZATION_LEVEL = "-Onone";
			};
			name = Debug;
		};
		4CEEC352284927EF00C979B3 /* Release */ = {
			isa = XCBuildConfiguration;
			buildSettings = {
				ALWAYS_SEARCH_USER_PATHS = NO;
				CLANG_ANALYZER_NONNULL = YES;
				CLANG_ANALYZER_NUMBER_OBJECT_CONVERSION = YES_AGGRESSIVE;
				CLANG_CXX_LANGUAGE_STANDARD = "gnu++17";
				CLANG_ENABLE_MODULES = YES;
				CLANG_ENABLE_OBJC_ARC = YES;
				CLANG_ENABLE_OBJC_WEAK = YES;
				CLANG_WARN_BLOCK_CAPTURE_AUTORELEASING = YES;
				CLANG_WARN_BOOL_CONVERSION = YES;
				CLANG_WARN_COMMA = YES;
				CLANG_WARN_CONSTANT_CONVERSION = YES;
				CLANG_WARN_DEPRECATED_OBJC_IMPLEMENTATIONS = YES;
				CLANG_WARN_DIRECT_OBJC_ISA_USAGE = YES_ERROR;
				CLANG_WARN_DOCUMENTATION_COMMENTS = YES;
				CLANG_WARN_EMPTY_BODY = YES;
				CLANG_WARN_ENUM_CONVERSION = YES;
				CLANG_WARN_INFINITE_RECURSION = YES;
				CLANG_WARN_INT_CONVERSION = YES;
				CLANG_WARN_NON_LITERAL_NULL_CONVERSION = YES;
				CLANG_WARN_OBJC_IMPLICIT_RETAIN_SELF = YES;
				CLANG_WARN_OBJC_LITERAL_CONVERSION = YES;
				CLANG_WARN_OBJC_ROOT_CLASS = YES_ERROR;
				CLANG_WARN_QUOTED_INCLUDE_IN_FRAMEWORK_HEADER = YES;
				CLANG_WARN_RANGE_LOOP_ANALYSIS = YES;
				CLANG_WARN_STRICT_PROTOTYPES = YES;
				CLANG_WARN_SUSPICIOUS_MOVE = YES;
				CLANG_WARN_UNGUARDED_AVAILABILITY = YES_AGGRESSIVE;
				CLANG_WARN_UNREACHABLE_CODE = YES;
				CLANG_WARN__DUPLICATE_METHOD_MATCH = YES;
				COPY_PHASE_STRIP = NO;
				DEBUG_INFORMATION_FORMAT = "dwarf-with-dsym";
				ENABLE_NS_ASSERTIONS = NO;
				ENABLE_STRICT_OBJC_MSGSEND = YES;
				GCC_C_LANGUAGE_STANDARD = gnu11;
				GCC_NO_COMMON_BLOCKS = YES;
				GCC_WARN_64_TO_32_BIT_CONVERSION = YES;
				GCC_WARN_ABOUT_RETURN_TYPE = YES_ERROR;
				GCC_WARN_UNDECLARED_SELECTOR = YES;
				GCC_WARN_UNINITIALIZED_AUTOS = YES_AGGRESSIVE;
				GCC_WARN_UNUSED_FUNCTION = YES;
				GCC_WARN_UNUSED_VARIABLE = YES;
				IPHONEOS_DEPLOYMENT_TARGET = 15.5;
				MTL_ENABLE_DEBUG_INFO = NO;
				MTL_FAST_MATH = YES;
				SDKROOT = iphoneos;
				SWIFT_COMPILATION_MODE = wholemodule;
				SWIFT_OPTIMIZATION_LEVEL = "-O";
				VALIDATE_PRODUCT = YES;
			};
			name = Release;
		};
		4CEEC354284927EF00C979B3 /* Debug */ = {
			isa = XCBuildConfiguration;
			buildSettings = {
				ASSETCATALOG_COMPILER_APPICON_NAME = AppIcon;
				ASSETCATALOG_COMPILER_GLOBAL_ACCENT_COLOR_NAME = AccentColor;
				CODE_SIGN_STYLE = Automatic;
				CURRENT_PROJECT_VERSION = 1;
				DEVELOPMENT_ASSET_PATHS = "\"FactoryDemo/Preview Content\"";
				DEVELOPMENT_TEAM = 9ZVHDWC4WU;
				ENABLE_PREVIEWS = YES;
				GENERATE_INFOPLIST_FILE = YES;
				INFOPLIST_KEY_UIApplicationSceneManifest_Generation = YES;
				INFOPLIST_KEY_UIApplicationSupportsIndirectInputEvents = YES;
				INFOPLIST_KEY_UILaunchScreen_Generation = YES;
				INFOPLIST_KEY_UISupportedInterfaceOrientations_iPad = "UIInterfaceOrientationPortrait UIInterfaceOrientationPortraitUpsideDown UIInterfaceOrientationLandscapeLeft UIInterfaceOrientationLandscapeRight";
				INFOPLIST_KEY_UISupportedInterfaceOrientations_iPhone = "UIInterfaceOrientationPortrait UIInterfaceOrientationLandscapeLeft UIInterfaceOrientationLandscapeRight";
				IPHONEOS_DEPLOYMENT_TARGET = 14.0;
				LD_RUNPATH_SEARCH_PATHS = (
					"$(inherited)",
					"@executable_path/Frameworks",
				);
				MARKETING_VERSION = 1.0;
				PRODUCT_BUNDLE_IDENTIFIER = com.hmlong.FactoryDemo;
				PRODUCT_NAME = "$(TARGET_NAME)";
				SWIFT_EMIT_LOC_STRINGS = YES;
				SWIFT_VERSION = 5.0;
				TARGETED_DEVICE_FAMILY = "1,2";
			};
			name = Debug;
		};
		4CEEC355284927EF00C979B3 /* Release */ = {
			isa = XCBuildConfiguration;
			buildSettings = {
				ASSETCATALOG_COMPILER_APPICON_NAME = AppIcon;
				ASSETCATALOG_COMPILER_GLOBAL_ACCENT_COLOR_NAME = AccentColor;
				CODE_SIGN_STYLE = Automatic;
				CURRENT_PROJECT_VERSION = 1;
				DEVELOPMENT_ASSET_PATHS = "\"FactoryDemo/Preview Content\"";
				DEVELOPMENT_TEAM = 9ZVHDWC4WU;
				ENABLE_PREVIEWS = YES;
				GENERATE_INFOPLIST_FILE = YES;
				INFOPLIST_KEY_UIApplicationSceneManifest_Generation = YES;
				INFOPLIST_KEY_UIApplicationSupportsIndirectInputEvents = YES;
				INFOPLIST_KEY_UILaunchScreen_Generation = YES;
				INFOPLIST_KEY_UISupportedInterfaceOrientations_iPad = "UIInterfaceOrientationPortrait UIInterfaceOrientationPortraitUpsideDown UIInterfaceOrientationLandscapeLeft UIInterfaceOrientationLandscapeRight";
				INFOPLIST_KEY_UISupportedInterfaceOrientations_iPhone = "UIInterfaceOrientationPortrait UIInterfaceOrientationLandscapeLeft UIInterfaceOrientationLandscapeRight";
				IPHONEOS_DEPLOYMENT_TARGET = 14.0;
				LD_RUNPATH_SEARCH_PATHS = (
					"$(inherited)",
					"@executable_path/Frameworks",
				);
				MARKETING_VERSION = 1.0;
				PRODUCT_BUNDLE_IDENTIFIER = com.hmlong.FactoryDemo;
				PRODUCT_NAME = "$(TARGET_NAME)";
				SWIFT_EMIT_LOC_STRINGS = YES;
				SWIFT_VERSION = 5.0;
				TARGETED_DEVICE_FAMILY = "1,2";
			};
			name = Release;
		};
/* End XCBuildConfiguration section */

/* Begin XCConfigurationList section */
		4CEEC340284927EE00C979B3 /* Build configuration list for PBXProject "FactoryDemo" */ = {
			isa = XCConfigurationList;
			buildConfigurations = (
				4CEEC351284927EF00C979B3 /* Debug */,
				4CEEC352284927EF00C979B3 /* Release */,
			);
			defaultConfigurationIsVisible = 0;
			defaultConfigurationName = Release;
		};
		4CEEC353284927EF00C979B3 /* Build configuration list for PBXNativeTarget "FactoryDemo" */ = {
			isa = XCConfigurationList;
			buildConfigurations = (
				4CEEC354284927EF00C979B3 /* Debug */,
				4CEEC355284927EF00C979B3 /* Release */,
			);
			defaultConfigurationIsVisible = 0;
			defaultConfigurationName = Release;
		};
/* End XCConfigurationList section */

/* Begin XCSwiftPackageProductDependency section */
		4CEEC35928492BD200C979B3 /* Factory */ = {
			isa = XCSwiftPackageProductDependency;
			productName = Factory;
		};
/* End XCSwiftPackageProductDependency section */
	};
	rootObject = 4CEEC33D284927EE00C979B3 /* Project object */;
}
